// !$*UTF8*$!
{
	archiveVersion = 1;
	classes = {
	};
	objectVersion = 46;
	objects = {

/* Begin PBXBuildFile section */
		C62300DE1F26DEA60097C59E /* AppDelegate.swift in Sources */ = {isa = PBXBuildFile; fileRef = C62300DD1F26DEA60097C59E /* AppDelegate.swift */; };
		C62300E01F26DEA60097C59E /* ViewController.swift in Sources */ = {isa = PBXBuildFile; fileRef = C62300DF1F26DEA60097C59E /* ViewController.swift */; };
		C62300E31F26DEA60097C59E /* Main.storyboard in Resources */ = {isa = PBXBuildFile; fileRef = C62300E11F26DEA60097C59E /* Main.storyboard */; };
		C62300E51F26DEA60097C59E /* Assets.xcassets in Resources */ = {isa = PBXBuildFile; fileRef = C62300E41F26DEA60097C59E /* Assets.xcassets */; };
		C62300E81F26DEA60097C59E /* LaunchScreen.storyboard in Resources */ = {isa = PBXBuildFile; fileRef = C62300E61F26DEA60097C59E /* LaunchScreen.storyboard */; };
		C62300F31F26DEA60097C59E /* FloUITests.swift in Sources */ = {isa = PBXBuildFile; fileRef = C62300F21F26DEA60097C59E /* FloUITests.swift */; };
		C62300FE1F26DEFD0097C59E /* PushButtonView.swift in Sources */ = {isa = PBXBuildFile; fileRef = C62300FD1F26DEFD0097C59E /* PushButtonView.swift */; };
		C62301001F26F0E20097C59E /* CounterView.swift in Sources */ = {isa = PBXBuildFile; fileRef = C62300FF1F26F0E20097C59E /* CounterView.swift */; };
		C62301021F2717370097C59E /* GraphView.swift in Sources */ = {isa = PBXBuildFile; fileRef = C62301011F2717370097C59E /* GraphView.swift */; };
		C62301041F27496D0097C59E /* BackgroundView.swift in Sources */ = {isa = PBXBuildFile; fileRef = C62301031F27496C0097C59E /* BackgroundView.swift */; };
		C6BBDC731F28277B00F0D67B /* MedalView.swift in Sources */ = {isa = PBXBuildFile; fileRef = C6BBDC721F28277B00F0D67B /* MedalView.swift */; };
/* End PBXBuildFile section */

/* Begin PBXContainerItemProxy section */
		C62300EF1F26DEA60097C59E /* PBXContainerItemProxy */ = {
			isa = PBXContainerItemProxy;
			containerPortal = C62300D21F26DEA60097C59E /* Project object */;
			proxyType = 1;
			remoteGlobalIDString = C62300D91F26DEA60097C59E;
			remoteInfo = Flo;
		};
/* End PBXContainerItemProxy section */

/* Begin PBXFileReference section */
		C62300DA1F26DEA60097C59E /* Flo.app */ = {isa = PBXFileReference; explicitFileType = wrapper.application; includeInIndex = 0; path = Flo.app; sourceTree = BUILT_PRODUCTS_DIR; };
		C62300DD1F26DEA60097C59E /* AppDelegate.swift */ = {isa = PBXFileReference; lastKnownFileType = sourcecode.swift; path = AppDelegate.swift; sourceTree = "<group>"; };
		C62300DF1F26DEA60097C59E /* ViewController.swift */ = {isa = PBXFileReference; lastKnownFileType = sourcecode.swift; path = ViewController.swift; sourceTree = "<group>"; };
		C62300E21F26DEA60097C59E /* Base */ = {isa = PBXFileReference; lastKnownFileType = file.storyboard; name = Base; path = Base.lproj/Main.storyboard; sourceTree = "<group>"; };
		C62300E41F26DEA60097C59E /* Assets.xcassets */ = {isa = PBXFileReference; lastKnownFileType = folder.assetcatalog; path = Assets.xcassets; sourceTree = "<group>"; };
		C62300E71F26DEA60097C59E /* Base */ = {isa = PBXFileReference; lastKnownFileType = file.storyboard; name = Base; path = Base.lproj/LaunchScreen.storyboard; sourceTree = "<group>"; };
		C62300E91F26DEA60097C59E /* Info.plist */ = {isa = PBXFileReference; lastKnownFileType = text.plist.xml; path = Info.plist; sourceTree = "<group>"; };
		C62300EE1F26DEA60097C59E /* FloUITests.xctest */ = {isa = PBXFileReference; explicitFileType = wrapper.cfbundle; includeInIndex = 0; path = FloUITests.xctest; sourceTree = BUILT_PRODUCTS_DIR; };
		C62300F21F26DEA60097C59E /* FloUITests.swift */ = {isa = PBXFileReference; lastKnownFileType = sourcecode.swift; path = FloUITests.swift; sourceTree = "<group>"; };
		C62300F41F26DEA60097C59E /* Info.plist */ = {isa = PBXFileReference; lastKnownFileType = text.plist.xml; path = Info.plist; sourceTree = "<group>"; };
		C62300FD1F26DEFD0097C59E /* PushButtonView.swift */ = {isa = PBXFileReference; fileEncoding = 4; lastKnownFileType = sourcecode.swift; path = PushButtonView.swift; sourceTree = "<group>"; };
		C62300FF1F26F0E20097C59E /* CounterView.swift */ = {isa = PBXFileReference; fileEncoding = 4; lastKnownFileType = sourcecode.swift; path = CounterView.swift; sourceTree = "<group>"; };
		C62301011F2717370097C59E /* GraphView.swift */ = {isa = PBXFileReference; fileEncoding = 4; lastKnownFileType = sourcecode.swift; path = GraphView.swift; sourceTree = "<group>"; };
		C62301031F27496C0097C59E /* BackgroundView.swift */ = {isa = PBXFileReference; fileEncoding = 4; lastKnownFileType = sourcecode.swift; path = BackgroundView.swift; sourceTree = "<group>"; };
		C6342FC41F277D36005C6CEC /* MedalDrawing.playground */ = {isa = PBXFileReference; lastKnownFileType = file.playground; path = MedalDrawing.playground; sourceTree = "<group>"; };
		C6BBDC721F28277B00F0D67B /* MedalView.swift */ = {isa = PBXFileReference; fileEncoding = 4; lastKnownFileType = sourcecode.swift; path = MedalView.swift; sourceTree = "<group>"; };
/* End PBXFileReference section */

/* Begin PBXFrameworksBuildPhase section */
		C62300D71F26DEA60097C59E /* Frameworks */ = {
			isa = PBXFrameworksBuildPhase;
			buildActionMask = 2147483647;
			files = (
			);
			runOnlyForDeploymentPostprocessing = 0;
		};
		C62300EB1F26DEA60097C59E /* Frameworks */ = {
			isa = PBXFrameworksBuildPhase;
			buildActionMask = 2147483647;
			files = (
			);
			runOnlyForDeploymentPostprocessing = 0;
		};
/* End PBXFrameworksBuildPhase section */

/* Begin PBXGroup section */
		C62300D11F26DEA50097C59E = {
			isa = PBXGroup;
			children = (
				C62300DC1F26DEA60097C59E /* Flo */,
				C62300F11F26DEA60097C59E /* FloUITests */,
				C62300DB1F26DEA60097C59E /* Products */,
			);
			sourceTree = "<group>";
		};
		C62300DB1F26DEA60097C59E /* Products */ = {
			isa = PBXGroup;
			children = (
				C62300DA1F26DEA60097C59E /* Flo.app */,
				C62300EE1F26DEA60097C59E /* FloUITests.xctest */,
			);
			name = Products;
			sourceTree = "<group>";
		};
		C62300DC1F26DEA60097C59E /* Flo */ = {
			isa = PBXGroup;
			children = (
				C62300DD1F26DEA60097C59E /* AppDelegate.swift */,
				C62300DF1F26DEA60097C59E /* ViewController.swift */,
				C62300E11F26DEA60097C59E /* Main.storyboard */,
				C62300E41F26DEA60097C59E /* Assets.xcassets */,
				C62300E61F26DEA60097C59E /* LaunchScreen.storyboard */,
				C62300E91F26DEA60097C59E /* Info.plist */,
				C62300FD1F26DEFD0097C59E /* PushButtonView.swift */,
				C62300FF1F26F0E20097C59E /* CounterView.swift */,
				C62301011F2717370097C59E /* GraphView.swift */,
				C62301031F27496C0097C59E /* BackgroundView.swift */,
				C6BBDC721F28277B00F0D67B /* MedalView.swift */,
				C6342FC41F277D36005C6CEC /* MedalDrawing.playground */,
			);
			path = Flo;
			sourceTree = "<group>";
		};
		C62300F11F26DEA60097C59E /* FloUITests */ = {
			isa = PBXGroup;
			children = (
				C62300F21F26DEA60097C59E /* FloUITests.swift */,
				C62300F41F26DEA60097C59E /* Info.plist */,
			);
			path = FloUITests;
			sourceTree = "<group>";
		};
/* End PBXGroup section */

/* Begin PBXNativeTarget section */
		C62300D91F26DEA60097C59E /* Flo */ = {
			isa = PBXNativeTarget;
			buildConfigurationList = C62300F71F26DEA60097C59E /* Build configuration list for PBXNativeTarget "Flo" */;
			buildPhases = (
				C62300D61F26DEA60097C59E /* Sources */,
				C62300D71F26DEA60097C59E /* Frameworks */,
				C62300D81F26DEA60097C59E /* Resources */,
			);
			buildRules = (
			);
			dependencies = (
			);
			name = Flo;
			productName = Flo;
			productReference = C62300DA1F26DEA60097C59E /* Flo.app */;
			productType = "com.apple.product-type.application";
		};
		C62300ED1F26DEA60097C59E /* FloUITests */ = {
			isa = PBXNativeTarget;
			buildConfigurationList = C62300FA1F26DEA60097C59E /* Build configuration list for PBXNativeTarget "FloUITests" */;
			buildPhases = (
				C62300EA1F26DEA60097C59E /* Sources */,
				C62300EB1F26DEA60097C59E /* Frameworks */,
				C62300EC1F26DEA60097C59E /* Resources */,
			);
			buildRules = (
			);
			dependencies = (
				C62300F01F26DEA60097C59E /* PBXTargetDependency */,
			);
			name = FloUITests;
			productName = FloUITests;
			productReference = C62300EE1F26DEA60097C59E /* FloUITests.xctest */;
			productType = "com.apple.product-type.bundle.ui-testing";
		};
/* End PBXNativeTarget section */

/* Begin PBXProject section */
		C62300D21F26DEA60097C59E /* Project object */ = {
			isa = PBXProject;
			attributes = {
				LastSwiftUpdateCheck = 0830;
				LastUpgradeCheck = 0830;
				ORGANIZATIONNAME = wz;
				TargetAttributes = {
					C62300D91F26DEA60097C59E = {
						CreatedOnToolsVersion = 8.3.3;
						DevelopmentTeam = HWVCF953XS;
						ProvisioningStyle = Automatic;
					};
					C62300ED1F26DEA60097C59E = {
						CreatedOnToolsVersion = 8.3.3;
						DevelopmentTeam = HWVCF953XS;
						ProvisioningStyle = Automatic;
						TestTargetID = C62300D91F26DEA60097C59E;
					};
				};
			};
			buildConfigurationList = C62300D51F26DEA60097C59E /* Build configuration list for PBXProject "Flo" */;
			compatibilityVersion = "Xcode 3.2";
			developmentRegion = English;
			hasScannedForEncodings = 0;
			knownRegions = (
				en,
				Base,
			);
			mainGroup = C62300D11F26DEA50097C59E;
			productRefGroup = C62300DB1F26DEA60097C59E /* Products */;
			projectDirPath = "";
			projectRoot = "";
			targets = (
				C62300D91F26DEA60097C59E /* Flo */,
				C62300ED1F26DEA60097C59E /* FloUITests */,
			);
		};
/* End PBXProject section */

/* Begin PBXResourcesBuildPhase section */
		C62300D81F26DEA60097C59E /* Resources */ = {
			isa = PBXResourcesBuildPhase;
			buildActionMask = 2147483647;
			files = (
				C62300E81F26DEA60097C59E /* LaunchScreen.storyboard in Resources */,
				C62300E51F26DEA60097C59E /* Assets.xcassets in Resources */,
				C62300E31F26DEA60097C59E /* Main.storyboard in Resources */,
			);
			runOnlyForDeploymentPostprocessing = 0;
		};
		C62300EC1F26DEA60097C59E /* Resources */ = {
			isa = PBXResourcesBuildPhase;
			buildActionMask = 2147483647;
			files = (
			);
			runOnlyForDeploymentPostprocessing = 0;
		};
/* End PBXResourcesBuildPhase section */

/* Begin PBXSourcesBuildPhase section */
		C62300D61F26DEA60097C59E /* Sources */ = {
			isa = PBXSourcesBuildPhase;
			buildActionMask = 2147483647;
			files = (
				C62301041F27496D0097C59E /* BackgroundView.swift in Sources */,
				C62301021F2717370097C59E /* GraphView.swift in Sources */,
				C6BBDC731F28277B00F0D67B /* MedalView.swift in Sources */,
				C62300E01F26DEA60097C59E /* ViewController.swift in Sources */,
				C62300FE1F26DEFD0097C59E /* PushButtonView.swift in Sources */,
				C62300DE1F26DEA60097C59E /* AppDelegate.swift in Sources */,
				C62301001F26F0E20097C59E /* CounterView.swift in Sources */,
			);
			runOnlyForDeploymentPostprocessing = 0;
		};
		C62300EA1F26DEA60097C59E /* Sources */ = {
			isa = PBXSourcesBuildPhase;
			buildActionMask = 2147483647;
			files = (
				C62300F31F26DEA60097C59E /* FloUITests.swift in Sources */,
			);
			runOnlyForDeploymentPostprocessing = 0;
		};
/* End PBXSourcesBuildPhase section */

/* Begin PBXTargetDependency section */
		C62300F01F26DEA60097C59E /* PBXTargetDependency */ = {
			isa = PBXTargetDependency;
			target = C62300D91F26DEA60097C59E /* Flo */;
			targetProxy = C62300EF1F26DEA60097C59E /* PBXContainerItemProxy */;
		};
/* End PBXTargetDependency section */

/* Begin PBXVariantGroup section */
		C62300E11F26DEA60097C59E /* Main.storyboard */ = {
			isa = PBXVariantGroup;
			children = (
				C62300E21F26DEA60097C59E /* Base */,
			);
			name = Main.storyboard;
			sourceTree = "<group>";
		};
		C62300E61F26DEA60097C59E /* LaunchScreen.storyboard */ = {
			isa = PBXVariantGroup;
			children = (
				C62300E71F26DEA60097C59E /* Base */,
			);
			name = LaunchScreen.storyboard;
			sourceTree = "<group>";
		};
/* End PBXVariantGroup section */

/* Begin XCBuildConfiguration section */
		C62300F51F26DEA60097C59E /* Debug */ = {
			isa = XCBuildConfiguration;
			buildSettings = {
				ALWAYS_SEARCH_USER_PATHS = NO;
				CLANG_ANALYZER_NONNULL = YES;
				CLANG_ANALYZER_NUMBER_OBJECT_CONVERSION = YES_AGGRESSIVE;
				CLANG_CXX_LANGUAGE_STANDARD = "gnu++0x";
				CLANG_CXX_LIBRARY = "libc++";
				CLANG_ENABLE_MODULES = YES;
				CLANG_ENABLE_OBJC_ARC = YES;
				CLANG_WARN_BOOL_CONVERSION = YES;
				CLANG_WARN_CONSTANT_CONVERSION = YES;
				CLANG_WARN_DIRECT_OBJC_ISA_USAGE = YES_ERROR;
				CLANG_WARN_DOCUMENTATION_COMMENTS = YES;
				CLANG_WARN_EMPTY_BODY = YES;
				CLANG_WARN_ENUM_CONVERSION = YES;
				CLANG_WARN_INFINITE_RECURSION = YES;
				CLANG_WARN_INT_CONVERSION = YES;
				CLANG_WARN_OBJC_ROOT_CLASS = YES_ERROR;
				CLANG_WARN_SUSPICIOUS_MOVE = YES;
				CLANG_WARN_UNREACHABLE_CODE = YES;
				CLANG_WARN__DUPLICATE_METHOD_MATCH = YES;
				"CODE_SIGN_IDENTITY[sdk=iphoneos*]" = "iPhone Developer";
				COPY_PHASE_STRIP = NO;
				DEBUG_INFORMATION_FORMAT = dwarf;
				ENABLE_STRICT_OBJC_MSGSEND = YES;
				ENABLE_TESTABILITY = YES;
				GCC_C_LANGUAGE_STANDARD = gnu99;
				GCC_DYNAMIC_NO_PIC = NO;
				GCC_NO_COMMON_BLOCKS = YES;
				GCC_OPTIMIZATION_LEVEL = 0;
				GCC_PREPROCESSOR_DEFINITIONS = (
					"DEBUG=1",
					"$(inherited)",
				);
				GCC_WARN_64_TO_32_BIT_CONVERSION = YES;
				GCC_WARN_ABOUT_RETURN_TYPE = YES_ERROR;
				GCC_WARN_UNDECLARED_SELECTOR = YES;
				GCC_WARN_UNINITIALIZED_AUTOS = YES_AGGRESSIVE;
				GCC_WARN_UNUSED_FUNCTION = YES;
				GCC_WARN_UNUSED_VARIABLE = YES;
				IPHONEOS_DEPLOYMENT_TARGET = 10.3;
				MTL_ENABLE_DEBUG_INFO = YES;
				ONLY_ACTIVE_ARCH = YES;
				SDKROOT = iphoneos;
				SWIFT_ACTIVE_COMPILATION_CONDITIONS = DEBUG;
				SWIFT_OPTIMIZATION_LEVEL = "-Onone";
			};
			name = Debug;
		};
		C62300F61F26DEA60097C59E /* Release */ = {
			isa = XCBuildConfiguration;
			buildSettings = {
				ALWAYS_SEARCH_USER_PATHS = NO;
				CLANG_ANALYZER_NONNULL = YES;
				CLANG_ANALYZER_NUMBER_OBJECT_CONVERSION = YES_AGGRESSIVE;
				CLANG_CXX_LANGUAGE_STANDARD = "gnu++0x";
				CLANG_CXX_LIBRARY = "libc++";
				CLANG_ENABLE_MODULES = YES;
				CLANG_ENABLE_OBJC_ARC = YES;
				CLANG_WARN_BOOL_CONVERSION = YES;
				CLANG_WARN_CONSTANT_CONVERSION = YES;
				CLANG_WARN_DIRECT_OBJC_ISA_USAGE = YES_ERROR;
				CLANG_WARN_DOCUMENTATION_COMMENTS = YES;
				CLANG_WARN_EMPTY_BODY = YES;
				CLANG_WARN_ENUM_CONVERSION = YES;
				CLANG_WARN_INFINITE_RECURSION = YES;
				CLANG_WARN_INT_CONVERSION = YES;
				CLANG_WARN_OBJC_ROOT_CLASS = YES_ERROR;
				CLANG_WARN_SUSPICIOUS_MOVE = YES;
				CLANG_WARN_UNREACHABLE_CODE = YES;
				CLANG_WARN__DUPLICATE_METHOD_MATCH = YES;
				"CODE_SIGN_IDENTITY[sdk=iphoneos*]" = "iPhone Developer";
				COPY_PHASE_STRIP = NO;
				DEBUG_INFORMATION_FORMAT = "dwarf-with-dsym";
				ENABLE_NS_ASSERTIONS = NO;
				ENABLE_STRICT_OBJC_MSGSEND = YES;
				GCC_C_LANGUAGE_STANDARD = gnu99;
				GCC_NO_COMMON_BLOCKS = YES;
				GCC_WARN_64_TO_32_BIT_CONVERSION = YES;
				GCC_WARN_ABOUT_RETURN_TYPE = YES_ERROR;
				GCC_WARN_UNDECLARED_SELECTOR = YES;
				GCC_WARN_UNINITIALIZED_AUTOS = YES_AGGRESSIVE;
				GCC_WARN_UNUSED_FUNCTION = YES;
				GCC_WARN_UNUSED_VARIABLE = YES;
				IPHONEOS_DEPLOYMENT_TARGET = 10.3;
				MTL_ENABLE_DEBUG_INFO = NO;
				SDKROOT = iphoneos;
				SWIFT_OPTIMIZATION_LEVEL = "-Owholemodule";
				VALIDATE_PRODUCT = YES;
			};
			name = Release;
		};
		C62300F81F26DEA60097C59E /* Debug */ = {
			isa = XCBuildConfiguration;
			buildSettings = {
				ASSETCATALOG_COMPILER_APPICON_NAME = AppIcon;
				DEVELOPMENT_TEAM = HWVCF953XS;
				INFOPLIST_FILE = Flo/Info.plist;
				LD_RUNPATH_SEARCH_PATHS = "$(inherited) @executable_path/Frameworks";
				PRODUCT_BUNDLE_IDENTIFIER = com.wz.mooc.Flo;
				PRODUCT_NAME = "$(TARGET_NAME)";
				SWIFT_VERSION = 3.0;
			};
			name = Debug;
		};
		C62300F91F26DEA60097C59E /* Release */ = {
			isa = XCBuildConfiguration;
			buildSettings = {
				ASSETCATALOG_COMPILER_APPICON_NAME = AppIcon;
				DEVELOPMENT_TEAM = HWVCF953XS;
				INFOPLIST_FILE = Flo/Info.plist;
				LD_RUNPATH_SEARCH_PATHS = "$(inherited) @executable_path/Frameworks";
				PRODUCT_BUNDLE_IDENTIFIER = com.wz.mooc.Flo;
				PRODUCT_NAME = "$(TARGET_NAME)";
				SWIFT_VERSION = 3.0;
			};
			name = Release;
		};
		C62300FB1F26DEA60097C59E /* Debug */ = {
			isa = XCBuildConfiguration;
			buildSettings = {
				ALWAYS_EMBED_SWIFT_STANDARD_LIBRARIES = YES;
				DEVELOPMENT_TEAM = HWVCF953XS;
				INFOPLIST_FILE = FloUITests/Info.plist;
				LD_RUNPATH_SEARCH_PATHS = "$(inherited) @executable_path/Frameworks @loader_path/Frameworks";
				PRODUCT_BUNDLE_IDENTIFIER = com.wz.mooc.FloUITests;
				PRODUCT_NAME = "$(TARGET_NAME)";
				SWIFT_VERSION = 3.0;
				TEST_TARGET_NAME = Flo;
			};
			name = Debug;
		};
		C62300FC1F26DEA60097C59E /* Release */ = {
			isa = XCBuildConfiguration;
			buildSettings = {
				ALWAYS_EMBED_SWIFT_STANDARD_LIBRARIES = YES;
				DEVELOPMENT_TEAM = HWVCF953XS;
				INFOPLIST_FILE = FloUITests/Info.plist;
				LD_RUNPATH_SEARCH_PATHS = "$(inherited) @executable_path/Frameworks @loader_path/Frameworks";
				PRODUCT_BUNDLE_IDENTIFIER = com.wz.mooc.FloUITests;
				PRODUCT_NAME = "$(TARGET_NAME)";
				SWIFT_VERSION = 3.0;
				TEST_TARGET_NAME = Flo;
			};
			name = Release;
		};
/* End XCBuildConfiguration section */

/* Begin XCConfigurationList section */
		C62300D51F26DEA60097C59E /* Build configuration list for PBXProject "Flo" */ = {
			isa = XCConfigurationList;
			buildConfigurations = (
				C62300F51F26DEA60097C59E /* Debug */,
				C62300F61F26DEA60097C59E /* Release */,
			);
			defaultConfigurationIsVisible = 0;
			defaultConfigurationName = Release;
		};
		C62300F71F26DEA60097C59E /* Build configuration list for PBXNativeTarget "Flo" */ = {
			isa = XCConfigurationList;
			buildConfigurations = (
				C62300F81F26DEA60097C59E /* Debug */,
				C62300F91F26DEA60097C59E /* Release */,
			);
			defaultConfigurationIsVisible = 0;
			defaultConfigurationName = Release;
		};
		C62300FA1F26DEA60097C59E /* Build configuration list for PBXNativeTarget "FloUITests" */ = {
			isa = XCConfigurationList;
			buildConfigurations = (
				C62300FB1F26DEA60097C59E /* Debug */,
				C62300FC1F26DEA60097C59E /* Release */,
			);
			defaultConfigurationIsVisible = 0;
			defaultConfigurationName = Release;
		};
/* End XCConfigurationList section */
	};
	rootObject = C62300D21F26DEA60097C59E /* Project object */;
}
